
Microsoft Visual Studio Solution File, Format Version 12.00
# Visual Studio Version 17
VisualStudioVersion = 17.14.36327.8 d17.14
MinimumVisualStudioVersion = 10.0.40219.1
Project("{FAE04EC0-301F-11D3-BF4B-00C04F79EFBC}") = "Abstract_class_and_method", "Abstract_class_and_method\Abstract_class_and_method.csproj", "{FC19E6AD-EC48-42D6-A1C6-5C54780CB265}"
EndProject
Global
	GlobalSection(SolutionConfigurationPlatforms) = preSolution
		Debug|Any CPU = Debug|Any CPU
		Release|Any CPU = Release|Any CPU
	EndGlobalSection
	GlobalSection(ProjectConfigurationPlatforms) = postSolution
		{FC19E6AD-EC48-42D6-A1C6-5C54780CB265}.Debug|Any CPU.ActiveCfg = Debug|Any CPU
		{FC19E6AD-EC48-42D6-A1C6-5C54780CB265}.Debug|Any CPU.Build.0 = Debug|Any CPU
		{FC19E6AD-EC48-42D6-A1C6-5C54780CB265}.Release|Any CPU.ActiveCfg = Release|Any CPU
		{FC19E6AD-EC48-42D6-A1C6-5C54780CB265}.Release|Any CPU.Build.0 = Release|Any CPU
	EndGlobalSection
	GlobalSection(SolutionProperties) = preSolution
		HideSolutionNode = FALSE
	EndGlobalSection
	GlobalSection(ExtensibilityGlobals) = postSolution
		SolutionGuid = {5DF642E0-5825-414C-BFEC-9894F2401970}
	EndGlobalSection
EndGlobal
