
Microsoft Visual Studio Solution File, Format Version 12.00
# Visual Studio Version 17
VisualStudioVersion = 17.14.36327.8 d17.14
MinimumVisualStudioVersion = 10.0.40219.1
Project("{FAE04EC0-301F-11D3-BF4B-00C04F79EFBC}") = "Inheritance", "Inheritance\Inheritance.csproj", "{FCAC8D97-1B9A-4318-A669-397194321DC5}"
EndProject
Global
	GlobalSection(SolutionConfigurationPlatforms) = preSolution
		Debug|Any CPU = Debug|Any CPU
		Release|Any CPU = Release|Any CPU
	EndGlobalSection
	GlobalSection(ProjectConfigurationPlatforms) = postSolution
		{FCAC8D97-1B9A-4318-A669-397194321DC5}.Debug|Any CPU.ActiveCfg = Debug|Any CPU
		{FCAC8D97-1B9A-4318-A669-397194321DC5}.Debug|Any CPU.Build.0 = Debug|Any CPU
		{FCAC8D97-1B9A-4318-A669-397194321DC5}.Release|Any CPU.ActiveCfg = Release|Any CPU
		{FCAC8D97-1B9A-4318-A669-397194321DC5}.Release|Any CPU.Build.0 = Release|Any CPU
	EndGlobalSection
	GlobalSection(SolutionProperties) = preSolution
		HideSolutionNode = FALSE
	EndGlobalSection
	GlobalSection(ExtensibilityGlobals) = postSolution
		SolutionGuid = {87308E47-C275-4831-ACF6-2772224163C5}
	EndGlobalSection
EndGlobal
